
Microsoft Visual Studio Solution File, Format Version 12.00
# Visual Studio Version 17
VisualStudioVersion = 17.7.34221.43
MinimumVisualStudioVersion = 10.0.40219.1
Project("{8BC9CEB8-8B4A-11D0-8D11-00A0C91BC942}") = "Preprocessor", "Preprocessor.vcxproj", "{6D41C7DC-9A6D-429C-8B91-CB13B850EB86}"
EndProject
Global
	GlobalSection(SolutionConfigurationPlatforms) = preSolution
		Debug|x64 = Debug|x64
		Debug|x86 = Debug|x86
		Release|x64 = Release|x64
		Release|x86 = Release|x86
	EndGlobalSection
	GlobalSection(ProjectConfigurationPlatforms) = postSolution
		{6D41C7DC-9A6D-429C-8B91-CB13B850EB86}.Debug|x64.ActiveCfg = Debug|x64
		{6D41C7DC-9A6D-429C-8B91-CB13B850EB86}.Debug|x64.Build.0 = Debug|x64
		{6D41C7DC-9A6D-429C-8B91-CB13B850EB86}.Debug|x86.ActiveCfg = Debug|Win32
		{6D41C7DC-9A6D-429C-8B91-CB13B850EB86}.Debug|x86.Build.0 = Debug|Win32
		{6D41C7DC-9A6D-429C-8B91-CB13B850EB86}.Release|x64.ActiveCfg = Release|x64
		{6D41C7DC-9A6D-429C-8B91-CB13B850EB86}.Release|x64.Build.0 = Release|x64
		{6D41C7DC-9A6D-429C-8B91-CB13B850EB86}.Release|x86.ActiveCfg = Release|Win32
		{6D41C7DC-9A6D-429C-8B91-CB13B850EB86}.Release|x86.Build.0 = Release|Win32
	EndGlobalSection
	GlobalSection(SolutionProperties) = preSolution
		HideSolutionNode = FALSE
	EndGlobalSection
	GlobalSection(ExtensibilityGlobals) = postSolution
		SolutionGuid = {DEE4BC53-26BF-4A33-BFAC-43A41733B568}
	EndGlobalSection
EndGlobal
